lockfileVersion: '9.0'

settings:
  autoInstallPeers: true
  excludeLinksFromLockfile: false

importers:

  .:
    devDependencies:
      '@cloudflare/workers-types':
        specifier: ^4.20240909.0
        version: 4.20240909.0
      itty-router:
        specifier: ^5.0.18
        version: 5.0.18
      typescript:
        specifier: ^5.6.2
        version: 5.6.2

packages:

  '@cloudflare/workers-types@4.20240909.0':
    resolution: {integrity: sha512-4knwtX6efxIsIxawdmPyynU9+S8A78wntU8eUIEldStWP4gNgxGkeWcfCMXulTx8oxr3DU4aevHyld9HGV8VKQ==}

  itty-router@5.0.18:
    resolution: {integrity: sha512-mK3ReOt4ARAGy0V0J7uHmArG2USN2x0zprZ+u+YgmeRjXTDbaowDy3kPcsmQY6tH+uHhDgpWit9Vqmv/4rTXwA==}

  typescript@5.6.2:
    resolution: {integrity: sha512-NW8ByodCSNCwZeghjN3o+JX5OFH0Ojg6sadjEKY4huZ52TqbJTJnDo5+Tw98lSy63NZvi4n+ez5m2u5d4PkZyw==}
    engines: {node: '>=14.17'}
    hasBin: true

snapshots:

  '@cloudflare/workers-types@4.20240909.0': {}

  itty-router@5.0.18: {}

  typescript@5.6.2: {}
