lockfileVersion: '6.0'

settings:
  autoInstallPeers: true
  excludeLinksFromLockfile: false

devDependencies:
  '@cloudflare/workers-types':
    specifier: ^4.20231218.0
    version: 4.20240402.0
  itty-router:
    specifier: ^4.0.25
    version: 4.2.2
  typescript:
    specifier: ^5.3.3
    version: 5.4.3

packages:

  /@cloudflare/workers-types@4.20240402.0:
    resolution: {integrity: sha512-GEtg71Gs5iBIQBQB0sBkEOJrmJGpenT2XAODwbvfWADwQpDxgEQfGrcOhaJfLPCfvNpKaMxcBlH9cekWwQEsLQ==}
    dev: true

  /itty-router@4.2.2:
    resolution: {integrity: sha512-KegPW0l9SNPadProoFT07AB84uOqLUwzlXQ7HsqkS31WUrxkjdhcemRpTDUuetbMJ89uBtWeQSVoiEmUAu31uw==}
    dev: true

  /typescript@5.4.3:
    resolution: {integrity: sha512-KrPd3PKaCLr78MalgiwJnA25Nm8HAmdwN3mYUYZgG/wizIo9EainNVQI9/yDavtVFRN2h3k8uf3GLHuhDMgEHg==}
    engines: {node: '>=14.17'}
    hasBin: true
    dev: true
